// !$*UTF8*$!
{
	archiveVersion = 1;
	classes = {
	};
	objectVersion = 55;
	objects = {

/* Begin PBXBuildFile section */
		E6082915282F247100F995CD /* ShoppingListView.swift in Sources */ = {isa = PBXBuildFile; fileRef = E6082914282F247100F995CD /* ShoppingListView.swift */; };
		E6082917282F258600F995CD /* ItemCategory.swift in Sources */ = {isa = PBXBuildFile; fileRef = E6082916282F258600F995CD /* ItemCategory.swift */; };
		E608291C282F28A500F995CD /* AddItemView.swift in Sources */ = {isa = PBXBuildFile; fileRef = E608291B282F28A500F995CD /* AddItemView.swift */; };
		E60E17BE28341E8000C193D6 /* RecipeCategory.swift in Sources */ = {isa = PBXBuildFile; fileRef = E60E17BD28341E8000C193D6 /* RecipeCategory.swift */; };
		E6135C2B2832FCCD002F19EA /* RecipeRow.swift in Sources */ = {isa = PBXBuildFile; fileRef = E6135C2A2832FCCD002F19EA /* RecipeRow.swift */; };
		E6135C2D2832FE08002F19EA /* ImagePicker.swift in Sources */ = {isa = PBXBuildFile; fileRef = E6135C2C2832FE08002F19EA /* ImagePicker.swift */; };
		E62B3B8D283360080071AB36 /* EditItem.swift in Sources */ = {isa = PBXBuildFile; fileRef = E62B3B8C283360080071AB36 /* EditItem.swift */; };
		E648CFF928330770007FC0FF /* Constants.swift in Sources */ = {isa = PBXBuildFile; fileRef = E648CFF828330770007FC0FF /* Constants.swift */; };
		E6A5097D282E164B00771D4B /* DataController.swift in Sources */ = {isa = PBXBuildFile; fileRef = E6A5097C282E164B00771D4B /* DataController.swift */; };
		E6A50980282E189100771D4B /* Cookbook.xcdatamodeld in Sources */ = {isa = PBXBuildFile; fileRef = E6A5097E282E189100771D4B /* Cookbook.xcdatamodeld */; };
		E6ABC033282F82D800D260A3 /* RecipesView.swift in Sources */ = {isa = PBXBuildFile; fileRef = E6ABC032282F82D800D260A3 /* RecipesView.swift */; };
		E6ABC0372830C3CF00D260A3 /* AddRecipeView.swift in Sources */ = {isa = PBXBuildFile; fileRef = E6ABC0362830C3CF00D260A3 /* AddRecipeView.swift */; };
		E6ABC03B2830C9F500D260A3 /* RecipeDetailsView.swift in Sources */ = {isa = PBXBuildFile; fileRef = E6ABC03A2830C9F500D260A3 /* RecipeDetailsView.swift */; };
		E6ABC05B2831B94700D260A3 /* Instruction.swift in Sources */ = {isa = PBXBuildFile; fileRef = E6ABC05A2831B94700D260A3 /* Instruction.swift */; };
		E6ABC05D2831B98C00D260A3 /* Ingredient.swift in Sources */ = {isa = PBXBuildFile; fileRef = E6ABC05C2831B98C00D260A3 /* Ingredient.swift */; };
		E6ABC05F2831B9C100D260A3 /* Recipe.swift in Sources */ = {isa = PBXBuildFile; fileRef = E6ABC05E2831B9C100D260A3 /* Recipe.swift */; };
		E6ABC0612831BD2500D260A3 /* InstructionsListEditor.swift in Sources */ = {isa = PBXBuildFile; fileRef = E6ABC0602831BD2500D260A3 /* InstructionsListEditor.swift */; };
		E6ABC0632831C08100D260A3 /* IngredientsListEditor.swift in Sources */ = {isa = PBXBuildFile; fileRef = E6ABC0622831C08100D260A3 /* IngredientsListEditor.swift */; };
		E6ABC06928321F6C00D260A3 /* EditRecipeView.swift in Sources */ = {isa = PBXBuildFile; fileRef = E6ABC06828321F6C00D260A3 /* EditRecipeView.swift */; };
		E6ABC06F2832239400D260A3 /* Item.swift in Sources */ = {isa = PBXBuildFile; fileRef = E6ABC06E2832239400D260A3 /* Item.swift */; };
		E6B3BB102832487900D3B643 /* CloudKit.framework in Frameworks */ = {isa = PBXBuildFile; fileRef = E6B3BB0F2832487900D3B643 /* CloudKit.framework */; };
		E6C70B7628341B6C00C4B89D /* ItemRow.swift in Sources */ = {isa = PBXBuildFile; fileRef = E6C70B7528341B6C00C4B89D /* ItemRow.swift */; };
		E6E651BE282E14C600ACF7C2 /* CookbookApp.swift in Sources */ = {isa = PBXBuildFile; fileRef = E6E651AE282E14C500ACF7C2 /* CookbookApp.swift */; };
		E6E651C0282E14C600ACF7C2 /* ContentView.swift in Sources */ = {isa = PBXBuildFile; fileRef = E6E651AF282E14C500ACF7C2 /* ContentView.swift */; };
		E6E651C2282E14C600ACF7C2 /* Assets.xcassets in Resources */ = {isa = PBXBuildFile; fileRef = E6E651B0282E14C600ACF7C2 /* Assets.xcassets */; };
/* End PBXBuildFile section */

/* Begin PBXFileReference section */
		E6082914282F247100F995CD /* ShoppingListView.swift */ = {isa = PBXFileReference; lastKnownFileType = sourcecode.swift; path = ShoppingListView.swift; sourceTree = "<group>"; };
		E6082916282F258600F995CD /* ItemCategory.swift */ = {isa = PBXFileReference; lastKnownFileType = sourcecode.swift; path = ItemCategory.swift; sourceTree = "<group>"; };
		E608291B282F28A500F995CD /* AddItemView.swift */ = {isa = PBXFileReference; lastKnownFileType = sourcecode.swift; path = AddItemView.swift; sourceTree = "<group>"; };
		E60E17BD28341E8000C193D6 /* RecipeCategory.swift */ = {isa = PBXFileReference; lastKnownFileType = sourcecode.swift; path = RecipeCategory.swift; sourceTree = "<group>"; };
		E6135C2A2832FCCD002F19EA /* RecipeRow.swift */ = {isa = PBXFileReference; lastKnownFileType = sourcecode.swift; path = RecipeRow.swift; sourceTree = "<group>"; };
		E6135C2C2832FE08002F19EA /* ImagePicker.swift */ = {isa = PBXFileReference; lastKnownFileType = sourcecode.swift; path = ImagePicker.swift; sourceTree = "<group>"; };
		E6135C2E2833036A002F19EA /* Cookbook-1.2.0.xcdatamodel */ = {isa = PBXFileReference; lastKnownFileType = wrapper.xcdatamodel; path = "Cookbook-1.2.0.xcdatamodel"; sourceTree = "<group>"; };
		E62B3B8C283360080071AB36 /* EditItem.swift */ = {isa = PBXFileReference; lastKnownFileType = sourcecode.swift; path = EditItem.swift; sourceTree = "<group>"; };
		E648CFF828330770007FC0FF /* Constants.swift */ = {isa = PBXFileReference; lastKnownFileType = sourcecode.swift; path = Constants.swift; sourceTree = "<group>"; };
		E6A5097C282E164B00771D4B /* DataController.swift */ = {isa = PBXFileReference; lastKnownFileType = sourcecode.swift; path = DataController.swift; sourceTree = "<group>"; };
		E6A5097F282E189100771D4B /* Cookbook.xcdatamodel */ = {isa = PBXFileReference; lastKnownFileType = wrapper.xcdatamodel; path = Cookbook.xcdatamodel; sourceTree = "<group>"; };
		E6ABC032282F82D800D260A3 /* RecipesView.swift */ = {isa = PBXFileReference; lastKnownFileType = sourcecode.swift; path = RecipesView.swift; sourceTree = "<group>"; };
		E6ABC0362830C3CF00D260A3 /* AddRecipeView.swift */ = {isa = PBXFileReference; lastKnownFileType = sourcecode.swift; path = AddRecipeView.swift; sourceTree = "<group>"; };
		E6ABC03A2830C9F500D260A3 /* RecipeDetailsView.swift */ = {isa = PBXFileReference; lastKnownFileType = sourcecode.swift; path = RecipeDetailsView.swift; sourceTree = "<group>"; };
		E6ABC05A2831B94700D260A3 /* Instruction.swift */ = {isa = PBXFileReference; lastKnownFileType = sourcecode.swift; path = Instruction.swift; sourceTree = "<group>"; };
		E6ABC05C2831B98C00D260A3 /* Ingredient.swift */ = {isa = PBXFileReference; lastKnownFileType = sourcecode.swift; path = Ingredient.swift; sourceTree = "<group>"; };
		E6ABC05E2831B9C100D260A3 /* Recipe.swift */ = {isa = PBXFileReference; lastKnownFileType = sourcecode.swift; path = Recipe.swift; sourceTree = "<group>"; };
		E6ABC0602831BD2500D260A3 /* InstructionsListEditor.swift */ = {isa = PBXFileReference; lastKnownFileType = sourcecode.swift; path = InstructionsListEditor.swift; sourceTree = "<group>"; };
		E6ABC0622831C08100D260A3 /* IngredientsListEditor.swift */ = {isa = PBXFileReference; lastKnownFileType = sourcecode.swift; path = IngredientsListEditor.swift; sourceTree = "<group>"; };
		E6ABC06828321F6C00D260A3 /* EditRecipeView.swift */ = {isa = PBXFileReference; lastKnownFileType = sourcecode.swift; path = EditRecipeView.swift; sourceTree = "<group>"; };
		E6ABC06E2832239400D260A3 /* Item.swift */ = {isa = PBXFileReference; lastKnownFileType = sourcecode.swift; path = Item.swift; sourceTree = "<group>"; };
		E6ABC0702832257500D260A3 /* README.md */ = {isa = PBXFileReference; lastKnownFileType = net.daringfireball.markdown; path = README.md; sourceTree = "<group>"; };
		E6B3BB0D2832487200D3B643 /* Cookbook (iOS).entitlements */ = {isa = PBXFileReference; lastKnownFileType = text.plist.entitlements; path = "Cookbook (iOS).entitlements"; sourceTree = "<group>"; };
		E6B3BB0F2832487900D3B643 /* CloudKit.framework */ = {isa = PBXFileReference; lastKnownFileType = wrapper.framework; name = CloudKit.framework; path = Platforms/iPhoneOS.platform/Developer/SDKs/iPhoneOS15.4.sdk/System/Library/Frameworks/CloudKit.framework; sourceTree = DEVELOPER_DIR; };
		E6C70B7528341B6C00C4B89D /* ItemRow.swift */ = {isa = PBXFileReference; lastKnownFileType = sourcecode.swift; path = ItemRow.swift; sourceTree = "<group>"; };
		E6C70B7728341C2900C4B89D /* Cookbook-1.4.0.xcdatamodel */ = {isa = PBXFileReference; lastKnownFileType = wrapper.xcdatamodel; path = "Cookbook-1.4.0.xcdatamodel"; sourceTree = "<group>"; };
		E6E651AE282E14C500ACF7C2 /* CookbookApp.swift */ = {isa = PBXFileReference; lastKnownFileType = sourcecode.swift; path = CookbookApp.swift; sourceTree = "<group>"; };
		E6E651AF282E14C500ACF7C2 /* ContentView.swift */ = {isa = PBXFileReference; lastKnownFileType = sourcecode.swift; path = ContentView.swift; sourceTree = "<group>"; };
		E6E651B0282E14C600ACF7C2 /* Assets.xcassets */ = {isa = PBXFileReference; lastKnownFileType = folder.assetcatalog; path = Assets.xcassets; sourceTree = "<group>"; };
		E6E651B5282E14C600ACF7C2 /* Cookbook.app */ = {isa = PBXFileReference; explicitFileType = wrapper.application; includeInIndex = 0; path = Cookbook.app; sourceTree = BUILT_PRODUCTS_DIR; };
		E6F5E1E22832CB5C00D2AA20 /* Cookbook--iOS--Info.plist */ = {isa = PBXFileReference; lastKnownFileType = text.plist; path = "Cookbook--iOS--Info.plist"; sourceTree = "<group>"; };
/* End PBXFileReference section */

/* Begin PBXFrameworksBuildPhase section */
		E6E651B2282E14C600ACF7C2 /* Frameworks */ = {
			isa = PBXFrameworksBuildPhase;
			buildActionMask = 2147483647;
			files = (
				E6B3BB102832487900D3B643 /* CloudKit.framework in Frameworks */,
			);
			runOnlyForDeploymentPostprocessing = 0;
		};
/* End PBXFrameworksBuildPhase section */

/* Begin PBXGroup section */
		E6082918282F273800F995CD /* Models */ = {
			isa = PBXGroup;
			children = (
				E6A5097E282E189100771D4B /* Cookbook.xcdatamodeld */,
				E6A5097C282E164B00771D4B /* DataController.swift */,
				E648CFF828330770007FC0FF /* Constants.swift */,
				E6ABC05E2831B9C100D260A3 /* Recipe.swift */,
				E60E17BD28341E8000C193D6 /* RecipeCategory.swift */,
				E6ABC05C2831B98C00D260A3 /* Ingredient.swift */,
				E6ABC05A2831B94700D260A3 /* Instruction.swift */,
				E6ABC06E2832239400D260A3 /* Item.swift */,
				E6082916282F258600F995CD /* ItemCategory.swift */,
			);
			path = Models;
			sourceTree = "<group>";
		};
		E6082919282F274B00F995CD /* Views */ = {
			isa = PBXGroup;
			children = (
				E6E651AF282E14C500ACF7C2 /* ContentView.swift */,
				E6ABC03C2831964D00D260A3 /* Screens */,
				E6ABC03D2831965200D260A3 /* Components */,
			);
			path = Views;
			sourceTree = "<group>";
		};
		E6ABC03C2831964D00D260A3 /* Screens */ = {
			isa = PBXGroup;
			children = (
				E6ABC032282F82D800D260A3 /* RecipesView.swift */,
				E6ABC0362830C3CF00D260A3 /* AddRecipeView.swift */,
				E6ABC03A2830C9F500D260A3 /* RecipeDetailsView.swift */,
				E6ABC06828321F6C00D260A3 /* EditRecipeView.swift */,
				E6082914282F247100F995CD /* ShoppingListView.swift */,
				E608291B282F28A500F995CD /* AddItemView.swift */,
				E62B3B8C283360080071AB36 /* EditItem.swift */,
			);
			path = Screens;
			sourceTree = "<group>";
		};
		E6ABC03D2831965200D260A3 /* Components */ = {
			isa = PBXGroup;
			children = (
				E6135C2A2832FCCD002F19EA /* RecipeRow.swift */,
				E6135C2C2832FE08002F19EA /* ImagePicker.swift */,
				E6ABC0622831C08100D260A3 /* IngredientsListEditor.swift */,
				E6ABC0602831BD2500D260A3 /* InstructionsListEditor.swift */,
				E6C70B7528341B6C00C4B89D /* ItemRow.swift */,
			);
			path = Components;
			sourceTree = "<group>";
		};
		E6B3BB0E2832487900D3B643 /* Frameworks */ = {
			isa = PBXGroup;
			children = (
				E6B3BB0F2832487900D3B643 /* CloudKit.framework */,
			);
			name = Frameworks;
			sourceTree = "<group>";
		};
		E6E651A8282E14C500ACF7C2 = {
			isa = PBXGroup;
			children = (
				E6F5E1E22832CB5C00D2AA20 /* Cookbook--iOS--Info.plist */,
				E6B3BB0D2832487200D3B643 /* Cookbook (iOS).entitlements */,
				E6ABC0702832257500D260A3 /* README.md */,
				E6E651AD282E14C500ACF7C2 /* Shared */,
				E6E651B6282E14C600ACF7C2 /* Products */,
				E6B3BB0E2832487900D3B643 /* Frameworks */,
			);
			sourceTree = "<group>";
		};
		E6E651AD282E14C500ACF7C2 /* Shared */ = {
			isa = PBXGroup;
			children = (
				E6E651AE282E14C500ACF7C2 /* CookbookApp.swift */,
				E6082918282F273800F995CD /* Models */,
				E6082919282F274B00F995CD /* Views */,
				E6E651B0282E14C600ACF7C2 /* Assets.xcassets */,
			);
			path = Shared;
			sourceTree = "<group>";
		};
		E6E651B6282E14C600ACF7C2 /* Products */ = {
			isa = PBXGroup;
			children = (
				E6E651B5282E14C600ACF7C2 /* Cookbook.app */,
			);
			name = Products;
			sourceTree = "<group>";
		};
/* End PBXGroup section */

/* Begin PBXNativeTarget section */
		E6E651B4282E14C600ACF7C2 /* Cookbook (iOS) */ = {
			isa = PBXNativeTarget;
			buildConfigurationList = E6E651C6282E14C600ACF7C2 /* Build configuration list for PBXNativeTarget "Cookbook (iOS)" */;
			buildPhases = (
				E6E651B1282E14C600ACF7C2 /* Sources */,
				E6E651B2282E14C600ACF7C2 /* Frameworks */,
				E6E651B3282E14C600ACF7C2 /* Resources */,
			);
			buildRules = (
			);
			dependencies = (
			);
			name = "Cookbook (iOS)";
			productName = "Cookbook (iOS)";
			productReference = E6E651B5282E14C600ACF7C2 /* Cookbook.app */;
			productType = "com.apple.product-type.application";
		};
/* End PBXNativeTarget section */

/* Begin PBXProject section */
		E6E651A9282E14C500ACF7C2 /* Project object */ = {
			isa = PBXProject;
			attributes = {
				BuildIndependentTargetsInParallel = 1;
				LastSwiftUpdateCheck = 1330;
				LastUpgradeCheck = 1330;
				TargetAttributes = {
					E6E651B4282E14C600ACF7C2 = {
						CreatedOnToolsVersion = 13.3.1;
					};
				};
			};
			buildConfigurationList = E6E651AC282E14C500ACF7C2 /* Build configuration list for PBXProject "Cookbook" */;
			compatibilityVersion = "Xcode 13.0";
			developmentRegion = en;
			hasScannedForEncodings = 0;
			knownRegions = (
				en,
				Base,
			);
			mainGroup = E6E651A8282E14C500ACF7C2;
			productRefGroup = E6E651B6282E14C600ACF7C2 /* Products */;
			projectDirPath = "";
			projectRoot = "";
			targets = (
				E6E651B4282E14C600ACF7C2 /* Cookbook (iOS) */,
			);
		};
/* End PBXProject section */

/* Begin PBXResourcesBuildPhase section */
		E6E651B3282E14C600ACF7C2 /* Resources */ = {
			isa = PBXResourcesBuildPhase;
			buildActionMask = 2147483647;
			files = (
				E6E651C2282E14C600ACF7C2 /* Assets.xcassets in Resources */,
			);
			runOnlyForDeploymentPostprocessing = 0;
		};
/* End PBXResourcesBuildPhase section */

/* Begin PBXSourcesBuildPhase section */
		E6E651B1282E14C600ACF7C2 /* Sources */ = {
			isa = PBXSourcesBuildPhase;
			buildActionMask = 2147483647;
			files = (
				E6A50980282E189100771D4B /* Cookbook.xcdatamodeld in Sources */,
				E6E651C0282E14C600ACF7C2 /* ContentView.swift in Sources */,
				E6135C2B2832FCCD002F19EA /* RecipeRow.swift in Sources */,
				E6ABC033282F82D800D260A3 /* RecipesView.swift in Sources */,
				E6ABC05B2831B94700D260A3 /* Instruction.swift in Sources */,
				E6ABC0632831C08100D260A3 /* IngredientsListEditor.swift in Sources */,
				E6ABC0372830C3CF00D260A3 /* AddRecipeView.swift in Sources */,
				E6135C2D2832FE08002F19EA /* ImagePicker.swift in Sources */,
				E6A5097D282E164B00771D4B /* DataController.swift in Sources */,
				E62B3B8D283360080071AB36 /* EditItem.swift in Sources */,
				E6ABC05D2831B98C00D260A3 /* Ingredient.swift in Sources */,
				E6ABC06928321F6C00D260A3 /* EditRecipeView.swift in Sources */,
				E6E651BE282E14C600ACF7C2 /* CookbookApp.swift in Sources */,
				E6ABC03B2830C9F500D260A3 /* RecipeDetailsView.swift in Sources */,
				E6082915282F247100F995CD /* ShoppingListView.swift in Sources */,
				E6ABC06F2832239400D260A3 /* Item.swift in Sources */,
				E648CFF928330770007FC0FF /* Constants.swift in Sources */,
				E60E17BE28341E8000C193D6 /* RecipeCategory.swift in Sources */,
				E608291C282F28A500F995CD /* AddItemView.swift in Sources */,
				E6082917282F258600F995CD /* ItemCategory.swift in Sources */,
				E6C70B7628341B6C00C4B89D /* ItemRow.swift in Sources */,
				E6ABC0612831BD2500D260A3 /* InstructionsListEditor.swift in Sources */,
				E6ABC05F2831B9C100D260A3 /* Recipe.swift in Sources */,
			);
			runOnlyForDeploymentPostprocessing = 0;
		};
/* End PBXSourcesBuildPhase section */

/* Begin XCBuildConfiguration section */
		E6E651C4282E14C600ACF7C2 /* Debug */ = {
			isa = XCBuildConfiguration;
			buildSettings = {
				ALWAYS_SEARCH_USER_PATHS = NO;
				CLANG_ANALYZER_NONNULL = YES;
				CLANG_ANALYZER_NUMBER_OBJECT_CONVERSION = YES_AGGRESSIVE;
				CLANG_CXX_LANGUAGE_STANDARD = "gnu++17";
				CLANG_ENABLE_MODULES = YES;
				CLANG_ENABLE_OBJC_ARC = YES;
				CLANG_ENABLE_OBJC_WEAK = YES;
				CLANG_WARN_BLOCK_CAPTURE_AUTORELEASING = YES;
				CLANG_WARN_BOOL_CONVERSION = YES;
				CLANG_WARN_COMMA = YES;
				CLANG_WARN_CONSTANT_CONVERSION = YES;
				CLANG_WARN_DEPRECATED_OBJC_IMPLEMENTATIONS = YES;
				CLANG_WARN_DIRECT_OBJC_ISA_USAGE = YES_ERROR;
				CLANG_WARN_DOCUMENTATION_COMMENTS = YES;
				CLANG_WARN_EMPTY_BODY = YES;
				CLANG_WARN_ENUM_CONVERSION = YES;
				CLANG_WARN_INFINITE_RECURSION = YES;
				CLANG_WARN_INT_CONVERSION = YES;
				CLANG_WARN_NON_LITERAL_NULL_CONVERSION = YES;
				CLANG_WARN_OBJC_IMPLICIT_RETAIN_SELF = YES;
				CLANG_WARN_OBJC_LITERAL_CONVERSION = YES;
				CLANG_WARN_OBJC_ROOT_CLASS = YES_ERROR;
				CLANG_WARN_QUOTED_INCLUDE_IN_FRAMEWORK_HEADER = YES;
				CLANG_WARN_RANGE_LOOP_ANALYSIS = YES;
				CLANG_WARN_STRICT_PROTOTYPES = YES;
				CLANG_WARN_SUSPICIOUS_MOVE = YES;
				CLANG_WARN_UNGUARDED_AVAILABILITY = YES_AGGRESSIVE;
				CLANG_WARN_UNREACHABLE_CODE = YES;
				CLANG_WARN__DUPLICATE_METHOD_MATCH = YES;
				COPY_PHASE_STRIP = NO;
				DEBUG_INFORMATION_FORMAT = dwarf;
				ENABLE_STRICT_OBJC_MSGSEND = YES;
				ENABLE_TESTABILITY = YES;
				GCC_C_LANGUAGE_STANDARD = gnu11;
				GCC_DYNAMIC_NO_PIC = NO;
				GCC_NO_COMMON_BLOCKS = YES;
				GCC_OPTIMIZATION_LEVEL = 0;
				GCC_PREPROCESSOR_DEFINITIONS = (
					"DEBUG=1",
					"$(inherited)",
				);
				GCC_WARN_64_TO_32_BIT_CONVERSION = YES;
				GCC_WARN_ABOUT_RETURN_TYPE = YES_ERROR;
				GCC_WARN_UNDECLARED_SELECTOR = YES;
				GCC_WARN_UNINITIALIZED_AUTOS = YES_AGGRESSIVE;
				GCC_WARN_UNUSED_FUNCTION = YES;
				GCC_WARN_UNUSED_VARIABLE = YES;
				MTL_ENABLE_DEBUG_INFO = INCLUDE_SOURCE;
				MTL_FAST_MATH = YES;
				ONLY_ACTIVE_ARCH = YES;
				SWIFT_ACTIVE_COMPILATION_CONDITIONS = DEBUG;
				SWIFT_OPTIMIZATION_LEVEL = "-Onone";
			};
			name = Debug;
		};
		E6E651C5282E14C600ACF7C2 /* Release */ = {
			isa = XCBuildConfiguration;
			buildSettings = {
				ALWAYS_SEARCH_USER_PATHS = NO;
				CLANG_ANALYZER_NONNULL = YES;
				CLANG_ANALYZER_NUMBER_OBJECT_CONVERSION = YES_AGGRESSIVE;
				CLANG_CXX_LANGUAGE_STANDARD = "gnu++17";
				CLANG_ENABLE_MODULES = YES;
				CLANG_ENABLE_OBJC_ARC = YES;
				CLANG_ENABLE_OBJC_WEAK = YES;
				CLANG_WARN_BLOCK_CAPTURE_AUTORELEASING = YES;
				CLANG_WARN_BOOL_CONVERSION = YES;
				CLANG_WARN_COMMA = YES;
				CLANG_WARN_CONSTANT_CONVERSION = YES;
				CLANG_WARN_DEPRECATED_OBJC_IMPLEMENTATIONS = YES;
				CLANG_WARN_DIRECT_OBJC_ISA_USAGE = YES_ERROR;
				CLANG_WARN_DOCUMENTATION_COMMENTS = YES;
				CLANG_WARN_EMPTY_BODY = YES;
				CLANG_WARN_ENUM_CONVERSION = YES;
				CLANG_WARN_INFINITE_RECURSION = YES;
				CLANG_WARN_INT_CONVERSION = YES;
				CLANG_WARN_NON_LITERAL_NULL_CONVERSION = YES;
				CLANG_WARN_OBJC_IMPLICIT_RETAIN_SELF = YES;
				CLANG_WARN_OBJC_LITERAL_CONVERSION = YES;
				CLANG_WARN_OBJC_ROOT_CLASS = YES_ERROR;
				CLANG_WARN_QUOTED_INCLUDE_IN_FRAMEWORK_HEADER = YES;
				CLANG_WARN_RANGE_LOOP_ANALYSIS = YES;
				CLANG_WARN_STRICT_PROTOTYPES = YES;
				CLANG_WARN_SUSPICIOUS_MOVE = YES;
				CLANG_WARN_UNGUARDED_AVAILABILITY = YES_AGGRESSIVE;
				CLANG_WARN_UNREACHABLE_CODE = YES;
				CLANG_WARN__DUPLICATE_METHOD_MATCH = YES;
				COPY_PHASE_STRIP = NO;
				DEBUG_INFORMATION_FORMAT = "dwarf-with-dsym";
				ENABLE_NS_ASSERTIONS = NO;
				ENABLE_STRICT_OBJC_MSGSEND = YES;
				GCC_C_LANGUAGE_STANDARD = gnu11;
				GCC_NO_COMMON_BLOCKS = YES;
				GCC_WARN_64_TO_32_BIT_CONVERSION = YES;
				GCC_WARN_ABOUT_RETURN_TYPE = YES_ERROR;
				GCC_WARN_UNDECLARED_SELECTOR = YES;
				GCC_WARN_UNINITIALIZED_AUTOS = YES_AGGRESSIVE;
				GCC_WARN_UNUSED_FUNCTION = YES;
				GCC_WARN_UNUSED_VARIABLE = YES;
				MTL_ENABLE_DEBUG_INFO = NO;
				MTL_FAST_MATH = YES;
				SWIFT_COMPILATION_MODE = wholemodule;
				SWIFT_OPTIMIZATION_LEVEL = "-O";
			};
			name = Release;
		};
		E6E651C7282E14C600ACF7C2 /* Debug */ = {
			isa = XCBuildConfiguration;
			buildSettings = {
				ASSETCATALOG_COMPILER_APPICON_NAME = AppIcon;
				ASSETCATALOG_COMPILER_GLOBAL_ACCENT_COLOR_NAME = AccentColor;
				CODE_SIGN_ENTITLEMENTS = "Cookbook (iOS).entitlements";
				CODE_SIGN_STYLE = Automatic;
				CURRENT_PROJECT_VERSION = 1;
				DEVELOPMENT_TEAM = 4DC99L7GGS;
				ENABLE_PREVIEWS = YES;
				GENERATE_INFOPLIST_FILE = YES;
				INFOPLIST_FILE = "Cookbook--iOS--Info.plist";
				INFOPLIST_KEY_UIApplicationSceneManifest_Generation = YES;
				INFOPLIST_KEY_UIApplicationSupportsIndirectInputEvents = YES;
				INFOPLIST_KEY_UILaunchScreen_Generation = YES;
				INFOPLIST_KEY_UISupportedInterfaceOrientations = UIInterfaceOrientationPortrait;
				INFOPLIST_KEY_UISupportedInterfaceOrientations_iPad = UIInterfaceOrientationPortrait;
				INFOPLIST_KEY_UISupportedInterfaceOrientations_iPhone = UIInterfaceOrientationPortrait;
				IPHONEOS_DEPLOYMENT_TARGET = 15.4;
				LD_RUNPATH_SEARCH_PATHS = (
					"$(inherited)",
					"@executable_path/Frameworks",
				);
				MARKETING_VERSION = 1.4.1;
				PRODUCT_BUNDLE_IDENTIFIER = com.hubermjonathan.Cookbook;
				PRODUCT_NAME = Cookbook;
				SDKROOT = iphoneos;
				SWIFT_EMIT_LOC_STRINGS = YES;
				SWIFT_VERSION = 5.0;
				TARGETED_DEVICE_FAMILY = 1;
			};
			name = Debug;
		};
		E6E651C8282E14C600ACF7C2 /* Release */ = {
			isa = XCBuildConfiguration;
			buildSettings = {
				ASSETCATALOG_COMPILER_APPICON_NAME = AppIcon;
				ASSETCATALOG_COMPILER_GLOBAL_ACCENT_COLOR_NAME = AccentColor;
				CODE_SIGN_ENTITLEMENTS = "Cookbook (iOS).entitlements";
				CODE_SIGN_STYLE = Automatic;
				CURRENT_PROJECT_VERSION = 1;
				DEVELOPMENT_TEAM = 4DC99L7GGS;
				ENABLE_PREVIEWS = YES;
				GENERATE_INFOPLIST_FILE = YES;
				INFOPLIST_FILE = "Cookbook--iOS--Info.plist";
				INFOPLIST_KEY_UIApplicationSceneManifest_Generation = YES;
				INFOPLIST_KEY_UIApplicationSupportsIndirectInputEvents = YES;
				INFOPLIST_KEY_UILaunchScreen_Generation = YES;
				INFOPLIST_KEY_UISupportedInterfaceOrientations = UIInterfaceOrientationPortrait;
				INFOPLIST_KEY_UISupportedInterfaceOrientations_iPad = UIInterfaceOrientationPortrait;
				INFOPLIST_KEY_UISupportedInterfaceOrientations_iPhone = UIInterfaceOrientationPortrait;
				IPHONEOS_DEPLOYMENT_TARGET = 15.4;
				LD_RUNPATH_SEARCH_PATHS = (
					"$(inherited)",
					"@executable_path/Frameworks",
				);
				MARKETING_VERSION = 1.4.1;
				PRODUCT_BUNDLE_IDENTIFIER = com.hubermjonathan.Cookbook;
				PRODUCT_NAME = Cookbook;
				SDKROOT = iphoneos;
				SWIFT_EMIT_LOC_STRINGS = YES;
				SWIFT_VERSION = 5.0;
				TARGETED_DEVICE_FAMILY = 1;
				VALIDATE_PRODUCT = YES;
			};
			name = Release;
		};
/* End XCBuildConfiguration section */

/* Begin XCConfigurationList section */
		E6E651AC282E14C500ACF7C2 /* Build configuration list for PBXProject "Cookbook" */ = {
			isa = XCConfigurationList;
			buildConfigurations = (
				E6E651C4282E14C600ACF7C2 /* Debug */,
				E6E651C5282E14C600ACF7C2 /* Release */,
			);
			defaultConfigurationIsVisible = 0;
			defaultConfigurationName = Release;
		};
		E6E651C6282E14C600ACF7C2 /* Build configuration list for PBXNativeTarget "Cookbook (iOS)" */ = {
			isa = XCConfigurationList;
			buildConfigurations = (
				E6E651C7282E14C600ACF7C2 /* Debug */,
				E6E651C8282E14C600ACF7C2 /* Release */,
			);
			defaultConfigurationIsVisible = 0;
			defaultConfigurationName = Release;
		};
/* End XCConfigurationList section */

/* Begin XCVersionGroup section */
		E6A5097E282E189100771D4B /* Cookbook.xcdatamodeld */ = {
			isa = XCVersionGroup;
			children = (
				E6C70B7728341C2900C4B89D /* Cookbook-1.4.0.xcdatamodel */,
				E6135C2E2833036A002F19EA /* Cookbook-1.2.0.xcdatamodel */,
				E6A5097F282E189100771D4B /* Cookbook.xcdatamodel */,
			);
			currentVersion = E6C70B7728341C2900C4B89D /* Cookbook-1.4.0.xcdatamodel */;
			path = Cookbook.xcdatamodeld;
			sourceTree = "<group>";
			versionGroupType = wrapper.xcdatamodel;
		};
/* End XCVersionGroup section */
	};
	rootObject = E6E651A9282E14C500ACF7C2 /* Project object */;
}
